
Microsoft Visual Studio Solution File, Format Version 12.00
# Visual Studio Version 17
VisualStudioVersion = 17.3.32929.385
MinimumVisualStudioVersion = 10.0.40219.1
Project("{FAE04EC0-301F-11D3-BF4B-00C04F79EFBC}") = "Labb3Bordsbokning", "Labb3Bordsbokning\Labb3Bordsbokning.csproj", "{55387E25-18D6-43BA-8A56-B46563C726E3}"
EndProject
Global
	GlobalSection(SolutionConfigurationPlatforms) = preSolution
		Debug|Any CPU = Debug|Any CPU
		Release|Any CPU = Release|Any CPU
	EndGlobalSection
	GlobalSection(ProjectConfigurationPlatforms) = postSolution
		{55387E25-18D6-43BA-8A56-B46563C726E3}.Debug|Any CPU.ActiveCfg = Debug|Any CPU
		{55387E25-18D6-43BA-8A56-B46563C726E3}.Debug|Any CPU.Build.0 = Debug|Any CPU
		{55387E25-18D6-43BA-8A56-B46563C726E3}.Release|Any CPU.ActiveCfg = Release|Any CPU
		{55387E25-18D6-43BA-8A56-B46563C726E3}.Release|Any CPU.Build.0 = Release|Any CPU
	EndGlobalSection
	GlobalSection(SolutionProperties) = preSolution
		HideSolutionNode = FALSE
	EndGlobalSection
	GlobalSection(ExtensibilityGlobals) = postSolution
		SolutionGuid = {1FD0E6EC-1B7C-45D6-B3C4-E466FFC2565E}
	EndGlobalSection
EndGlobal
